// !$*UTF8*$!
{
	archiveVersion = 1;
	classes = {
	};
	objectVersion = 50;
	objects = {

/* Begin PBXBuildFile section */
		F03D64072449FBA800005D7B /* AppDelegate.swift in Sources */ = {isa = PBXBuildFile; fileRef = F03D64062449FBA800005D7B /* AppDelegate.swift */; };
		F03D64092449FBA800005D7B /* SceneDelegate.swift in Sources */ = {isa = PBXBuildFile; fileRef = F03D64082449FBA800005D7B /* SceneDelegate.swift */; };
		F03D640B2449FBA800005D7B /* ViewController.swift in Sources */ = {isa = PBXBuildFile; fileRef = F03D640A2449FBA800005D7B /* ViewController.swift */; };
		F03D640E2449FBA800005D7B /* Main.storyboard in Resources */ = {isa = PBXBuildFile; fileRef = F03D640C2449FBA800005D7B /* Main.storyboard */; };
		F03D64102449FBAC00005D7B /* Assets.xcassets in Resources */ = {isa = PBXBuildFile; fileRef = F03D640F2449FBAC00005D7B /* Assets.xcassets */; };
		F03D64132449FBAC00005D7B /* LaunchScreen.storyboard in Resources */ = {isa = PBXBuildFile; fileRef = F03D64112449FBAC00005D7B /* LaunchScreen.storyboard */; };
		F03D641E2449FBAD00005D7B /* Where_I_amTests.swift in Sources */ = {isa = PBXBuildFile; fileRef = F03D641D2449FBAD00005D7B /* Where_I_amTests.swift */; };
		F03D64292449FBAD00005D7B /* Where_I_amUITests.swift in Sources */ = {isa = PBXBuildFile; fileRef = F03D64282449FBAD00005D7B /* Where_I_amUITests.swift */; };
		F03D64382449FD1A00005D7B /* CoreLocation.framework in Frameworks */ = {isa = PBXBuildFile; fileRef = F03D64372449FD1A00005D7B /* CoreLocation.framework */; };
/* End PBXBuildFile section */

/* Begin PBXContainerItemProxy section */
		F03D641A2449FBAD00005D7B /* PBXContainerItemProxy */ = {
			isa = PBXContainerItemProxy;
			containerPortal = F03D63FB2449FBA700005D7B /* Project object */;
			proxyType = 1;
			remoteGlobalIDString = F03D64022449FBA800005D7B;
			remoteInfo = "Where I am";
		};
		F03D64252449FBAD00005D7B /* PBXContainerItemProxy */ = {
			isa = PBXContainerItemProxy;
			containerPortal = F03D63FB2449FBA700005D7B /* Project object */;
			proxyType = 1;
			remoteGlobalIDString = F03D64022449FBA800005D7B;
			remoteInfo = "Where I am";
		};
/* End PBXContainerItemProxy section */

/* Begin PBXFileReference section */
		F03D64032449FBA800005D7B /* Where I am.app */ = {isa = PBXFileReference; explicitFileType = wrapper.application; includeInIndex = 0; path = "Where I am.app"; sourceTree = BUILT_PRODUCTS_DIR; };
		F03D64062449FBA800005D7B /* AppDelegate.swift */ = {isa = PBXFileReference; lastKnownFileType = sourcecode.swift; path = AppDelegate.swift; sourceTree = "<group>"; };
		F03D64082449FBA800005D7B /* SceneDelegate.swift */ = {isa = PBXFileReference; lastKnownFileType = sourcecode.swift; path = SceneDelegate.swift; sourceTree = "<group>"; };
		F03D640A2449FBA800005D7B /* ViewController.swift */ = {isa = PBXFileReference; lastKnownFileType = sourcecode.swift; path = ViewController.swift; sourceTree = "<group>"; };
		F03D640D2449FBA800005D7B /* Base */ = {isa = PBXFileReference; lastKnownFileType = file.storyboard; name = Base; path = Base.lproj/Main.storyboard; sourceTree = "<group>"; };
		F03D640F2449FBAC00005D7B /* Assets.xcassets */ = {isa = PBXFileReference; lastKnownFileType = folder.assetcatalog; path = Assets.xcassets; sourceTree = "<group>"; };
		F03D64122449FBAC00005D7B /* Base */ = {isa = PBXFileReference; lastKnownFileType = file.storyboard; name = Base; path = Base.lproj/LaunchScreen.storyboard; sourceTree = "<group>"; };
		F03D64142449FBAC00005D7B /* Info.plist */ = {isa = PBXFileReference; lastKnownFileType = text.plist.xml; path = Info.plist; sourceTree = "<group>"; };
		F03D64192449FBAD00005D7B /* Where I amTests.xctest */ = {isa = PBXFileReference; explicitFileType = wrapper.cfbundle; includeInIndex = 0; path = "Where I amTests.xctest"; sourceTree = BUILT_PRODUCTS_DIR; };
		F03D641D2449FBAD00005D7B /* Where_I_amTests.swift */ = {isa = PBXFileReference; lastKnownFileType = sourcecode.swift; path = Where_I_amTests.swift; sourceTree = "<group>"; };
		F03D641F2449FBAD00005D7B /* Info.plist */ = {isa = PBXFileReference; lastKnownFileType = text.plist.xml; path = Info.plist; sourceTree = "<group>"; };
		F03D64242449FBAD00005D7B /* Where I amUITests.xctest */ = {isa = PBXFileReference; explicitFileType = wrapper.cfbundle; includeInIndex = 0; path = "Where I amUITests.xctest"; sourceTree = BUILT_PRODUCTS_DIR; };
		F03D64282449FBAD00005D7B /* Where_I_amUITests.swift */ = {isa = PBXFileReference; lastKnownFileType = sourcecode.swift; path = Where_I_amUITests.swift; sourceTree = "<group>"; };
		F03D642A2449FBAD00005D7B /* Info.plist */ = {isa = PBXFileReference; lastKnownFileType = text.plist.xml; path = Info.plist; sourceTree = "<group>"; };
		F03D64372449FD1A00005D7B /* CoreLocation.framework */ = {isa = PBXFileReference; lastKnownFileType = wrapper.framework; name = CoreLocation.framework; path = System/Library/Frameworks/CoreLocation.framework; sourceTree = SDKROOT; };
/* End PBXFileReference section */

/* Begin PBXFrameworksBuildPhase section */
		F03D64002449FBA800005D7B /* Frameworks */ = {
			isa = PBXFrameworksBuildPhase;
			buildActionMask = 2147483647;
			files = (
				F03D64382449FD1A00005D7B /* CoreLocation.framework in Frameworks */,
			);
			runOnlyForDeploymentPostprocessing = 0;
		};
		F03D64162449FBAD00005D7B /* Frameworks */ = {
			isa = PBXFrameworksBuildPhase;
			buildActionMask = 2147483647;
			files = (
			);
			runOnlyForDeploymentPostprocessing = 0;
		};
		F03D64212449FBAD00005D7B /* Frameworks */ = {
			isa = PBXFrameworksBuildPhase;
			buildActionMask = 2147483647;
			files = (
			);
			runOnlyForDeploymentPostprocessing = 0;
		};
/* End PBXFrameworksBuildPhase section */

/* Begin PBXGroup section */
		F03D63FA2449FBA700005D7B = {
			isa = PBXGroup;
			children = (
				F03D64052449FBA800005D7B /* Where I am */,
				F03D641C2449FBAD00005D7B /* Where I amTests */,
				F03D64272449FBAD00005D7B /* Where I amUITests */,
				F03D64042449FBA800005D7B /* Products */,
				F03D64362449FD1A00005D7B /* Frameworks */,
			);
			sourceTree = "<group>";
		};
		F03D64042449FBA800005D7B /* Products */ = {
			isa = PBXGroup;
			children = (
				F03D64032449FBA800005D7B /* Where I am.app */,
				F03D64192449FBAD00005D7B /* Where I amTests.xctest */,
				F03D64242449FBAD00005D7B /* Where I amUITests.xctest */,
			);
			name = Products;
			sourceTree = "<group>";
		};
		F03D64052449FBA800005D7B /* Where I am */ = {
			isa = PBXGroup;
			children = (
				F03D64062449FBA800005D7B /* AppDelegate.swift */,
				F03D64082449FBA800005D7B /* SceneDelegate.swift */,
				F03D640A2449FBA800005D7B /* ViewController.swift */,
				F03D640C2449FBA800005D7B /* Main.storyboard */,
				F03D640F2449FBAC00005D7B /* Assets.xcassets */,
				F03D64112449FBAC00005D7B /* LaunchScreen.storyboard */,
				F03D64142449FBAC00005D7B /* Info.plist */,
			);
			path = "Where I am";
			sourceTree = "<group>";
		};
		F03D641C2449FBAD00005D7B /* Where I amTests */ = {
			isa = PBXGroup;
			children = (
				F03D641D2449FBAD00005D7B /* Where_I_amTests.swift */,
				F03D641F2449FBAD00005D7B /* Info.plist */,
			);
			path = "Where I amTests";
			sourceTree = "<group>";
		};
		F03D64272449FBAD00005D7B /* Where I amUITests */ = {
			isa = PBXGroup;
			children = (
				F03D64282449FBAD00005D7B /* Where_I_amUITests.swift */,
				F03D642A2449FBAD00005D7B /* Info.plist */,
			);
			path = "Where I amUITests";
			sourceTree = "<group>";
		};
		F03D64362449FD1A00005D7B /* Frameworks */ = {
			isa = PBXGroup;
			children = (
				F03D64372449FD1A00005D7B /* CoreLocation.framework */,
			);
			name = Frameworks;
			sourceTree = "<group>";
		};
/* End PBXGroup section */

/* Begin PBXNativeTarget section */
		F03D64022449FBA800005D7B /* Where I am */ = {
			isa = PBXNativeTarget;
			buildConfigurationList = F03D642D2449FBAD00005D7B /* Build configuration list for PBXNativeTarget "Where I am" */;
			buildPhases = (
				F03D63FF2449FBA800005D7B /* Sources */,
				F03D64002449FBA800005D7B /* Frameworks */,
				F03D64012449FBA800005D7B /* Resources */,
			);
			buildRules = (
			);
			dependencies = (
			);
			name = "Where I am";
			productName = "Where I am";
			productReference = F03D64032449FBA800005D7B /* Where I am.app */;
			productType = "com.apple.product-type.application";
		};
		F03D64182449FBAD00005D7B /* Where I amTests */ = {
			isa = PBXNativeTarget;
			buildConfigurationList = F03D64302449FBAD00005D7B /* Build configuration list for PBXNativeTarget "Where I amTests" */;
			buildPhases = (
				F03D64152449FBAD00005D7B /* Sources */,
				F03D64162449FBAD00005D7B /* Frameworks */,
				F03D64172449FBAD00005D7B /* Resources */,
			);
			buildRules = (
			);
			dependencies = (
				F03D641B2449FBAD00005D7B /* PBXTargetDependency */,
			);
			name = "Where I amTests";
			productName = "Where I amTests";
			productReference = F03D64192449FBAD00005D7B /* Where I amTests.xctest */;
			productType = "com.apple.product-type.bundle.unit-test";
		};
		F03D64232449FBAD00005D7B /* Where I amUITests */ = {
			isa = PBXNativeTarget;
			buildConfigurationList = F03D64332449FBAD00005D7B /* Build configuration list for PBXNativeTarget "Where I amUITests" */;
			buildPhases = (
				F03D64202449FBAD00005D7B /* Sources */,
				F03D64212449FBAD00005D7B /* Frameworks */,
				F03D64222449FBAD00005D7B /* Resources */,
			);
			buildRules = (
			);
			dependencies = (
				F03D64262449FBAD00005D7B /* PBXTargetDependency */,
			);
			name = "Where I amUITests";
			productName = "Where I amUITests";
			productReference = F03D64242449FBAD00005D7B /* Where I amUITests.xctest */;
			productType = "com.apple.product-type.bundle.ui-testing";
		};
/* End PBXNativeTarget section */

/* Begin PBXProject section */
		F03D63FB2449FBA700005D7B /* Project object */ = {
			isa = PBXProject;
			attributes = {
				LastSwiftUpdateCheck = 1110;
				LastUpgradeCheck = 1110;
				ORGANIZATIONNAME = "Luiz Vasconcellos";
				TargetAttributes = {
					F03D64022449FBA800005D7B = {
						CreatedOnToolsVersion = 11.1;
					};
					F03D64182449FBAD00005D7B = {
						CreatedOnToolsVersion = 11.1;
						TestTargetID = F03D64022449FBA800005D7B;
					};
					F03D64232449FBAD00005D7B = {
						CreatedOnToolsVersion = 11.1;
						TestTargetID = F03D64022449FBA800005D7B;
					};
				};
			};
			buildConfigurationList = F03D63FE2449FBA700005D7B /* Build configuration list for PBXProject "Where I am" */;
			compatibilityVersion = "Xcode 9.3";
			developmentRegion = en;
			hasScannedForEncodings = 0;
			knownRegions = (
				en,
				Base,
			);
			mainGroup = F03D63FA2449FBA700005D7B;
			productRefGroup = F03D64042449FBA800005D7B /* Products */;
			projectDirPath = "";
			projectRoot = "";
			targets = (
				F03D64022449FBA800005D7B /* Where I am */,
				F03D64182449FBAD00005D7B /* Where I amTests */,
				F03D64232449FBAD00005D7B /* Where I amUITests */,
			);
		};
/* End PBXProject section */

/* Begin PBXResourcesBuildPhase section */
		F03D64012449FBA800005D7B /* Resources */ = {
			isa = PBXResourcesBuildPhase;
			buildActionMask = 2147483647;
			files = (
				F03D64132449FBAC00005D7B /* LaunchScreen.storyboard in Resources */,
				F03D64102449FBAC00005D7B /* Assets.xcassets in Resources */,
				F03D640E2449FBA800005D7B /* Main.storyboard in Resources */,
			);
			runOnlyForDeploymentPostprocessing = 0;
		};
		F03D64172449FBAD00005D7B /* Resources */ = {
			isa = PBXResourcesBuildPhase;
			buildActionMask = 2147483647;
			files = (
			);
			runOnlyForDeploymentPostprocessing = 0;
		};
		F03D64222449FBAD00005D7B /* Resources */ = {
			isa = PBXResourcesBuildPhase;
			buildActionMask = 2147483647;
			files = (
			);
			runOnlyForDeploymentPostprocessing = 0;
		};
/* End PBXResourcesBuildPhase section */

/* Begin PBXSourcesBuildPhase section */
		F03D63FF2449FBA800005D7B /* Sources */ = {
			isa = PBXSourcesBuildPhase;
			buildActionMask = 2147483647;
			files = (
				F03D640B2449FBA800005D7B /* ViewController.swift in Sources */,
				F03D64072449FBA800005D7B /* AppDelegate.swift in Sources */,
				F03D64092449FBA800005D7B /* SceneDelegate.swift in Sources */,
			);
			runOnlyForDeploymentPostprocessing = 0;
		};
		F03D64152449FBAD00005D7B /* Sources */ = {
			isa = PBXSourcesBuildPhase;
			buildActionMask = 2147483647;
			files = (
				F03D641E2449FBAD00005D7B /* Where_I_amTests.swift in Sources */,
			);
			runOnlyForDeploymentPostprocessing = 0;
		};
		F03D64202449FBAD00005D7B /* Sources */ = {
			isa = PBXSourcesBuildPhase;
			buildActionMask = 2147483647;
			files = (
				F03D64292449FBAD00005D7B /* Where_I_amUITests.swift in Sources */,
			);
			runOnlyForDeploymentPostprocessing = 0;
		};
/* End PBXSourcesBuildPhase section */

/* Begin PBXTargetDependency section */
		F03D641B2449FBAD00005D7B /* PBXTargetDependency */ = {
			isa = PBXTargetDependency;
			target = F03D64022449FBA800005D7B /* Where I am */;
			targetProxy = F03D641A2449FBAD00005D7B /* PBXContainerItemProxy */;
		};
		F03D64262449FBAD00005D7B /* PBXTargetDependency */ = {
			isa = PBXTargetDependency;
			target = F03D64022449FBA800005D7B /* Where I am */;
			targetProxy = F03D64252449FBAD00005D7B /* PBXContainerItemProxy */;
		};
/* End PBXTargetDependency section */

/* Begin PBXVariantGroup section */
		F03D640C2449FBA800005D7B /* Main.storyboard */ = {
			isa = PBXVariantGroup;
			children = (
				F03D640D2449FBA800005D7B /* Base */,
			);
			name = Main.storyboard;
			sourceTree = "<group>";
		};
		F03D64112449FBAC00005D7B /* LaunchScreen.storyboard */ = {
			isa = PBXVariantGroup;
			children = (
				F03D64122449FBAC00005D7B /* Base */,
			);
			name = LaunchScreen.storyboard;
			sourceTree = "<group>";
		};
/* End PBXVariantGroup section */

/* Begin XCBuildConfiguration section */
		F03D642B2449FBAD00005D7B /* Debug */ = {
			isa = XCBuildConfiguration;
			buildSettings = {
				ALWAYS_SEARCH_USER_PATHS = NO;
				CLANG_ANALYZER_NONNULL = YES;
				CLANG_ANALYZER_NUMBER_OBJECT_CONVERSION = YES_AGGRESSIVE;
				CLANG_CXX_LANGUAGE_STANDARD = "gnu++14";
				CLANG_CXX_LIBRARY = "libc++";
				CLANG_ENABLE_MODULES = YES;
				CLANG_ENABLE_OBJC_ARC = YES;
				CLANG_ENABLE_OBJC_WEAK = YES;
				CLANG_WARN_BLOCK_CAPTURE_AUTORELEASING = YES;
				CLANG_WARN_BOOL_CONVERSION = YES;
				CLANG_WARN_COMMA = YES;
				CLANG_WARN_CONSTANT_CONVERSION = YES;
				CLANG_WARN_DEPRECATED_OBJC_IMPLEMENTATIONS = YES;
				CLANG_WARN_DIRECT_OBJC_ISA_USAGE = YES_ERROR;
				CLANG_WARN_DOCUMENTATION_COMMENTS = YES;
				CLANG_WARN_EMPTY_BODY = YES;
				CLANG_WARN_ENUM_CONVERSION = YES;
				CLANG_WARN_INFINITE_RECURSION = YES;
				CLANG_WARN_INT_CONVERSION = YES;
				CLANG_WARN_NON_LITERAL_NULL_CONVERSION = YES;
				CLANG_WARN_OBJC_IMPLICIT_RETAIN_SELF = YES;
				CLANG_WARN_OBJC_LITERAL_CONVERSION = YES;
				CLANG_WARN_OBJC_ROOT_CLASS = YES_ERROR;
				CLANG_WARN_RANGE_LOOP_ANALYSIS = YES;
				CLANG_WARN_STRICT_PROTOTYPES = YES;
				CLANG_WARN_SUSPICIOUS_MOVE = YES;
				CLANG_WARN_UNGUARDED_AVAILABILITY = YES_AGGRESSIVE;
				CLANG_WARN_UNREACHABLE_CODE = YES;
				CLANG_WARN__DUPLICATE_METHOD_MATCH = YES;
				COPY_PHASE_STRIP = NO;
				DEBUG_INFORMATION_FORMAT = dwarf;
				ENABLE_STRICT_OBJC_MSGSEND = YES;
				ENABLE_TESTABILITY = YES;
				GCC_C_LANGUAGE_STANDARD = gnu11;
				GCC_DYNAMIC_NO_PIC = NO;
				GCC_NO_COMMON_BLOCKS = YES;
				GCC_OPTIMIZATION_LEVEL = 0;
				GCC_PREPROCESSOR_DEFINITIONS = (
					"DEBUG=1",
					"$(inherited)",
				);
				GCC_WARN_64_TO_32_BIT_CONVERSION = YES;
				GCC_WARN_ABOUT_RETURN_TYPE = YES_ERROR;
				GCC_WARN_UNDECLARED_SELECTOR = YES;
				GCC_WARN_UNINITIALIZED_AUTOS = YES_AGGRESSIVE;
				GCC_WARN_UNUSED_FUNCTION = YES;
				GCC_WARN_UNUSED_VARIABLE = YES;
				IPHONEOS_DEPLOYMENT_TARGET = 13.1;
				MTL_ENABLE_DEBUG_INFO = INCLUDE_SOURCE;
				MTL_FAST_MATH = YES;
				ONLY_ACTIVE_ARCH = YES;
				SDKROOT = iphoneos;
				SWIFT_ACTIVE_COMPILATION_CONDITIONS = DEBUG;
				SWIFT_OPTIMIZATION_LEVEL = "-Onone";
			};
			name = Debug;
		};
		F03D642C2449FBAD00005D7B /* Release */ = {
			isa = XCBuildConfiguration;
			buildSettings = {
				ALWAYS_SEARCH_USER_PATHS = NO;
				CLANG_ANALYZER_NONNULL = YES;
				CLANG_ANALYZER_NUMBER_OBJECT_CONVERSION = YES_AGGRESSIVE;
				CLANG_CXX_LANGUAGE_STANDARD = "gnu++14";
				CLANG_CXX_LIBRARY = "libc++";
				CLANG_ENABLE_MODULES = YES;
				CLANG_ENABLE_OBJC_ARC = YES;
				CLANG_ENABLE_OBJC_WEAK = YES;
				CLANG_WARN_BLOCK_CAPTURE_AUTORELEASING = YES;
				CLANG_WARN_BOOL_CONVERSION = YES;
				CLANG_WARN_COMMA = YES;
				CLANG_WARN_CONSTANT_CONVERSION = YES;
				CLANG_WARN_DEPRECATED_OBJC_IMPLEMENTATIONS = YES;
				CLANG_WARN_DIRECT_OBJC_ISA_USAGE = YES_ERROR;
				CLANG_WARN_DOCUMENTATION_COMMENTS = YES;
				CLANG_WARN_EMPTY_BODY = YES;
				CLANG_WARN_ENUM_CONVERSION = YES;
				CLANG_WARN_INFINITE_RECURSION = YES;
				CLANG_WARN_INT_CONVERSION = YES;
				CLANG_WARN_NON_LITERAL_NULL_CONVERSION = YES;
				CLANG_WARN_OBJC_IMPLICIT_RETAIN_SELF = YES;
				CLANG_WARN_OBJC_LITERAL_CONVERSION = YES;
				CLANG_WARN_OBJC_ROOT_CLASS = YES_ERROR;
				CLANG_WARN_RANGE_LOOP_ANALYSIS = YES;
				CLANG_WARN_STRICT_PROTOTYPES = YES;
				CLANG_WARN_SUSPICIOUS_MOVE = YES;
				CLANG_WARN_UNGUARDED_AVAILABILITY = YES_AGGRESSIVE;
				CLANG_WARN_UNREACHABLE_CODE = YES;
				CLANG_WARN__DUPLICATE_METHOD_MATCH = YES;
				COPY_PHASE_STRIP = NO;
				DEBUG_INFORMATION_FORMAT = "dwarf-with-dsym";
				ENABLE_NS_ASSERTIONS = NO;
				ENABLE_STRICT_OBJC_MSGSEND = YES;
				GCC_C_LANGUAGE_STANDARD = gnu11;
				GCC_NO_COMMON_BLOCKS = YES;
				GCC_WARN_64_TO_32_BIT_CONVERSION = YES;
				GCC_WARN_ABOUT_RETURN_TYPE = YES_ERROR;
				GCC_WARN_UNDECLARED_SELECTOR = YES;
				GCC_WARN_UNINITIALIZED_AUTOS = YES_AGGRESSIVE;
				GCC_WARN_UNUSED_FUNCTION = YES;
				GCC_WARN_UNUSED_VARIABLE = YES;
				IPHONEOS_DEPLOYMENT_TARGET = 13.1;
				MTL_ENABLE_DEBUG_INFO = NO;
				MTL_FAST_MATH = YES;
				SDKROOT = iphoneos;
				SWIFT_COMPILATION_MODE = wholemodule;
				SWIFT_OPTIMIZATION_LEVEL = "-O";
				VALIDATE_PRODUCT = YES;
			};
			name = Release;
		};
		F03D642E2449FBAD00005D7B /* Debug */ = {
			isa = XCBuildConfiguration;
			buildSettings = {
				ASSETCATALOG_COMPILER_APPICON_NAME = AppIcon;
				CODE_SIGN_STYLE = Automatic;
				DEVELOPMENT_TEAM = UNBA7S3W5P;
				INFOPLIST_FILE = "Where I am/Info.plist";
				LD_RUNPATH_SEARCH_PATHS = (
					"$(inherited)",
					"@executable_path/Frameworks",
				);
				PRODUCT_BUNDLE_IDENTIFIER = "com.luizvasconcellos.Where-I-am";
				PRODUCT_NAME = "$(TARGET_NAME)";
				SWIFT_VERSION = 5.0;
				TARGETED_DEVICE_FAMILY = "1,2";
			};
			name = Debug;
		};
		F03D642F2449FBAD00005D7B /* Release */ = {
			isa = XCBuildConfiguration;
			buildSettings = {
				ASSETCATALOG_COMPILER_APPICON_NAME = AppIcon;
				CODE_SIGN_STYLE = Automatic;
				DEVELOPMENT_TEAM = UNBA7S3W5P;
				INFOPLIST_FILE = "Where I am/Info.plist";
				LD_RUNPATH_SEARCH_PATHS = (
					"$(inherited)",
					"@executable_path/Frameworks",
				);
				PRODUCT_BUNDLE_IDENTIFIER = "com.luizvasconcellos.Where-I-am";
				PRODUCT_NAME = "$(TARGET_NAME)";
				SWIFT_VERSION = 5.0;
				TARGETED_DEVICE_FAMILY = "1,2";
			};
			name = Release;
		};
		F03D64312449FBAD00005D7B /* Debug */ = {
			isa = XCBuildConfiguration;
			buildSettings = {
				ALWAYS_EMBED_SWIFT_STANDARD_LIBRARIES = YES;
				BUNDLE_LOADER = "$(TEST_HOST)";
				CODE_SIGN_STYLE = Automatic;
				DEVELOPMENT_TEAM = UNBA7S3W5P;
				INFOPLIST_FILE = "Where I amTests/Info.plist";
				IPHONEOS_DEPLOYMENT_TARGET = 13.1;
				LD_RUNPATH_SEARCH_PATHS = (
					"$(inherited)",
					"@executable_path/Frameworks",
					"@loader_path/Frameworks",
				);
				PRODUCT_BUNDLE_IDENTIFIER = "com.luizvasconcellos.Where-I-amTests";
				PRODUCT_NAME = "$(TARGET_NAME)";
				SWIFT_VERSION = 5.0;
				TARGETED_DEVICE_FAMILY = "1,2";
				TEST_HOST = "$(BUILT_PRODUCTS_DIR)/Where I am.app/Where I am";
			};
			name = Debug;
		};
		F03D64322449FBAD00005D7B /* Release */ = {
			isa = XCBuildConfiguration;
			buildSettings = {
				ALWAYS_EMBED_SWIFT_STANDARD_LIBRARIES = YES;
				BUNDLE_LOADER = "$(TEST_HOST)";
				CODE_SIGN_STYLE = Automatic;
				DEVELOPMENT_TEAM = UNBA7S3W5P;
				INFOPLIST_FILE = "Where I amTests/Info.plist";
				IPHONEOS_DEPLOYMENT_TARGET = 13.1;
				LD_RUNPATH_SEARCH_PATHS = (
					"$(inherited)",
					"@executable_path/Frameworks",
					"@loader_path/Frameworks",
				);
				PRODUCT_BUNDLE_IDENTIFIER = "com.luizvasconcellos.Where-I-amTests";
				PRODUCT_NAME = "$(TARGET_NAME)";
				SWIFT_VERSION = 5.0;
				TARGETED_DEVICE_FAMILY = "1,2";
				TEST_HOST = "$(BUILT_PRODUCTS_DIR)/Where I am.app/Where I am";
			};
			name = Release;
		};
		F03D64342449FBAD00005D7B /* Debug */ = {
			isa = XCBuildConfiguration;
			buildSettings = {
				ALWAYS_EMBED_SWIFT_STANDARD_LIBRARIES = YES;
				CODE_SIGN_STYLE = Automatic;
				DEVELOPMENT_TEAM = UNBA7S3W5P;
				INFOPLIST_FILE = "Where I amUITests/Info.plist";
				LD_RUNPATH_SEARCH_PATHS = (
					"$(inherited)",
					"@executable_path/Frameworks",
					"@loader_path/Frameworks",
				);
				PRODUCT_BUNDLE_IDENTIFIER = "com.luizvasconcellos.Where-I-amUITests";
				PRODUCT_NAME = "$(TARGET_NAME)";
				SWIFT_VERSION = 5.0;
				TARGETED_DEVICE_FAMILY = "1,2";
				TEST_TARGET_NAME = "Where I am";
			};
			name = Debug;
		};
		F03D64352449FBAD00005D7B /* Release */ = {
			isa = XCBuildConfiguration;
			buildSettings = {
				ALWAYS_EMBED_SWIFT_STANDARD_LIBRARIES = YES;
				CODE_SIGN_STYLE = Automatic;
				DEVELOPMENT_TEAM = UNBA7S3W5P;
				INFOPLIST_FILE = "Where I amUITests/Info.plist";
				LD_RUNPATH_SEARCH_PATHS = (
					"$(inherited)",
					"@executable_path/Frameworks",
					"@loader_path/Frameworks",
				);
				PRODUCT_BUNDLE_IDENTIFIER = "com.luizvasconcellos.Where-I-amUITests";
				PRODUCT_NAME = "$(TARGET_NAME)";
				SWIFT_VERSION = 5.0;
				TARGETED_DEVICE_FAMILY = "1,2";
				TEST_TARGET_NAME = "Where I am";
			};
			name = Release;
		};
/* End XCBuildConfiguration section */

/* Begin XCConfigurationList section */
		F03D63FE2449FBA700005D7B /* Build configuration list for PBXProject "Where I am" */ = {
			isa = XCConfigurationList;
			buildConfigurations = (
				F03D642B2449FBAD00005D7B /* Debug */,
				F03D642C2449FBAD00005D7B /* Release */,
			);
			defaultConfigurationIsVisible = 0;
			defaultConfigurationName = Release;
		};
		F03D642D2449FBAD00005D7B /* Build configuration list for PBXNativeTarget "Where I am" */ = {
			isa = XCConfigurationList;
			buildConfigurations = (
				F03D642E2449FBAD00005D7B /* Debug */,
				F03D642F2449FBAD00005D7B /* Release */,
			);
			defaultConfigurationIsVisible = 0;
			defaultConfigurationName = Release;
		};
		F03D64302449FBAD00005D7B /* Build configuration list for PBXNativeTarget "Where I amTests" */ = {
			isa = XCConfigurationList;
			buildConfigurations = (
				F03D64312449FBAD00005D7B /* Debug */,
				F03D64322449FBAD00005D7B /* Release */,
			);
			defaultConfigurationIsVisible = 0;
			defaultConfigurationName = Release;
		};
		F03D64332449FBAD00005D7B /* Build configuration list for PBXNativeTarget "Where I amUITests" */ = {
			isa = XCConfigurationList;
			buildConfigurations = (
				F03D64342449FBAD00005D7B /* Debug */,
				F03D64352449FBAD00005D7B /* Release */,
			);
			defaultConfigurationIsVisible = 0;
			defaultConfigurationName = Release;
		};
/* End XCConfigurationList section */
	};
	rootObject = F03D63FB2449FBA700005D7B /* Project object */;
}
